
Microsoft Visual Studio Solution File, Format Version 12.00
# Visual Studio Version 17
VisualStudioVersion = 17.0.31903.59
MinimumVisualStudioVersion = 10.0.40219.1
Project("{2150E333-8FDC-42A3-9474-1A3956D46DE8}") = "src", "src", "{827E0CD3-B72D-47B6-A68D-7590B98EB39B}"
EndProject
Project("{FAE04EC0-301F-11D3-BF4B-00C04F79EFBC}") = "Beacon.Core", "src\Beacon.Core\Beacon.Core.csproj", "{9E132109-5B7B-4EAE-B7C1-D2D299BC6D7B}"
EndProject
Project("{FAE04EC0-301F-11D3-BF4B-00C04F79EFBC}") = "Beacon.Connections", "src\Beacon.Connections\Beacon.Connections.csproj", "{03B8EC50-0379-4A35-AE68-15BC78FD2DBC}"
EndProject
Project("{FAE04EC0-301F-11D3-BF4B-00C04F79EFBC}") = "Beacon.Actions", "src\Beacon.Actions\Beacon.Actions.csproj", "{AA48E2E5-B34D-43F6-9787-47CCEB47C3A8}"
EndProject
Project("{FAE04EC0-301F-11D3-BF4B-00C04F79EFBC}") = "Beacon.Storage", "src\Beacon.Storage\Beacon.Storage.csproj", "{2CD57F6C-BEDF-4B94-8B31-4C2BA09F3633}"
EndProject
Project("{2150E333-8FDC-42A3-9474-1A3956D46DE8}") = "tests", "tests", "{0AB3BF05-4346-4AA6-1389-037BE0695223}"
EndProject
Project("{FAE04EC0-301F-11D3-BF4B-00C04F79EFBC}") = "Beacon.Core.Tests", "tests\Beacon.Core.Tests\Beacon.Core.Tests.csproj", "{C57AD01A-2D7F-48F8-8627-5EA9A955E610}"
EndProject
Project("{FAE04EC0-301F-11D3-BF4B-00C04F79EFBC}") = "Beacon.Connections.Tests", "tests\Beacon.Connections.Tests\Beacon.Connections.Tests.csproj", "{22ACE433-99D4-4B3C-B112-46103802ECE5}"
EndProject
Project("{FAE04EC0-301F-11D3-BF4B-00C04F79EFBC}") = "Beacon.Storage.Tests", "tests\Beacon.Storage.Tests\Beacon.Storage.Tests.csproj", "{E8FA44CF-2813-45E7-B7FB-F8CA75D23D74}"
EndProject
Project("{FAE04EC0-301F-11D3-BF4B-00C04F79EFBC}") = "Beacon.App", "src\Beacon.App\Beacon.App.csproj", "{B0799EA4-8DB3-4645-9DAB-1F5CEB37397F}"
EndProject
Project("{FAE04EC0-301F-11D3-BF4B-00C04F79EFBC}") = "Beacon.Actions.Tests", "tests\Beacon.Actions.Tests\Beacon.Actions.Tests.csproj", "{956BA5C3-E03D-43CB-BB3C-BEC94F8EA5C5}"
EndProject
Global
	GlobalSection(SolutionConfigurationPlatforms) = preSolution
		Debug|Any CPU = Debug|Any CPU
		Debug|x64 = Debug|x64
		Debug|x86 = Debug|x86
		Release|Any CPU = Release|Any CPU
		Release|x64 = Release|x64
		Release|x86 = Release|x86
	EndGlobalSection
	GlobalSection(ProjectConfigurationPlatforms) = postSolution
		{9E132109-5B7B-4EAE-B7C1-D2D299BC6D7B}.Debug|Any CPU.ActiveCfg = Debug|Any CPU
		{9E132109-5B7B-4EAE-B7C1-D2D299BC6D7B}.Debug|Any CPU.Build.0 = Debug|Any CPU
		{9E132109-5B7B-4EAE-B7C1-D2D299BC6D7B}.Debug|x64.ActiveCfg = Debug|Any CPU
		{9E132109-5B7B-4EAE-B7C1-D2D299BC6D7B}.Debug|x64.Build.0 = Debug|Any CPU
		{9E132109-5B7B-4EAE-B7C1-D2D299BC6D7B}.Debug|x86.ActiveCfg = Debug|Any CPU
		{9E132109-5B7B-4EAE-B7C1-D2D299BC6D7B}.Debug|x86.Build.0 = Debug|Any CPU
		{9E132109-5B7B-4EAE-B7C1-D2D299BC6D7B}.Release|Any CPU.ActiveCfg = Release|Any CPU
		{9E132109-5B7B-4EAE-B7C1-D2D299BC6D7B}.Release|Any CPU.Build.0 = Release|Any CPU
		{9E132109-5B7B-4EAE-B7C1-D2D299BC6D7B}.Release|x64.ActiveCfg = Release|Any CPU
		{9E132109-5B7B-4EAE-B7C1-D2D299BC6D7B}.Release|x64.Build.0 = Release|Any CPU
		{9E132109-5B7B-4EAE-B7C1-D2D299BC6D7B}.Release|x86.ActiveCfg = Release|Any CPU
		{9E132109-5B7B-4EAE-B7C1-D2D299BC6D7B}.Release|x86.Build.0 = Release|Any CPU
		{03B8EC50-0379-4A35-AE68-15BC78FD2DBC}.Debug|Any CPU.ActiveCfg = Debug|Any CPU
		{03B8EC50-0379-4A35-AE68-15BC78FD2DBC}.Debug|Any CPU.Build.0 = Debug|Any CPU
		{03B8EC50-0379-4A35-AE68-15BC78FD2DBC}.Debug|x64.ActiveCfg = Debug|Any CPU
		{03B8EC50-0379-4A35-AE68-15BC78FD2DBC}.Debug|x64.Build.0 = Debug|Any CPU
		{03B8EC50-0379-4A35-AE68-15BC78FD2DBC}.Debug|x86.ActiveCfg = Debug|Any CPU
		{03B8EC50-0379-4A35-AE68-15BC78FD2DBC}.Debug|x86.Build.0 = Debug|Any CPU
		{03B8EC50-0379-4A35-AE68-15BC78FD2DBC}.Release|Any CPU.ActiveCfg = Release|Any CPU
		{03B8EC50-0379-4A35-AE68-15BC78FD2DBC}.Release|Any CPU.Build.0 = Release|Any CPU
		{03B8EC50-0379-4A35-AE68-15BC78FD2DBC}.Release|x64.ActiveCfg = Release|Any CPU
		{03B8EC50-0379-4A35-AE68-15BC78FD2DBC}.Release|x64.Build.0 = Release|Any CPU
		{03B8EC50-0379-4A35-AE68-15BC78FD2DBC}.Release|x86.ActiveCfg = Release|Any CPU
		{03B8EC50-0379-4A35-AE68-15BC78FD2DBC}.Release|x86.Build.0 = Release|Any CPU
		{AA48E2E5-B34D-43F6-9787-47CCEB47C3A8}.Debug|Any CPU.ActiveCfg = Debug|Any CPU
		{AA48E2E5-B34D-43F6-9787-47CCEB47C3A8}.Debug|Any CPU.Build.0 = Debug|Any CPU
		{AA48E2E5-B34D-43F6-9787-47CCEB47C3A8}.Debug|x64.ActiveCfg = Debug|Any CPU
		{AA48E2E5-B34D-43F6-9787-47CCEB47C3A8}.Debug|x64.Build.0 = Debug|Any CPU
		{AA48E2E5-B34D-43F6-9787-47CCEB47C3A8}.Debug|x86.ActiveCfg = Debug|Any CPU
		{AA48E2E5-B34D-43F6-9787-47CCEB47C3A8}.Debug|x86.Build.0 = Debug|Any CPU
		{AA48E2E5-B34D-43F6-9787-47CCEB47C3A8}.Release|Any CPU.ActiveCfg = Release|Any CPU
		{AA48E2E5-B34D-43F6-9787-47CCEB47C3A8}.Release|Any CPU.Build.0 = Release|Any CPU
		{AA48E2E5-B34D-43F6-9787-47CCEB47C3A8}.Release|x64.ActiveCfg = Release|Any CPU
		{AA48E2E5-B34D-43F6-9787-47CCEB47C3A8}.Release|x64.Build.0 = Release|Any CPU
		{AA48E2E5-B34D-43F6-9787-47CCEB47C3A8}.Release|x86.ActiveCfg = Release|Any CPU
		{AA48E2E5-B34D-43F6-9787-47CCEB47C3A8}.Release|x86.Build.0 = Release|Any CPU
		{2CD57F6C-BEDF-4B94-8B31-4C2BA09F3633}.Debug|Any CPU.ActiveCfg = Debug|Any CPU
		{2CD57F6C-BEDF-4B94-8B31-4C2BA09F3633}.Debug|Any CPU.Build.0 = Debug|Any CPU
		{2CD57F6C-BEDF-4B94-8B31-4C2BA09F3633}.Debug|x64.ActiveCfg = Debug|Any CPU
		{2CD57F6C-BEDF-4B94-8B31-4C2BA09F3633}.Debug|x64.Build.0 = Debug|Any CPU
		{2CD57F6C-BEDF-4B94-8B31-4C2BA09F3633}.Debug|x86.ActiveCfg = Debug|Any CPU
		{2CD57F6C-BEDF-4B94-8B31-4C2BA09F3633}.Debug|x86.Build.0 = Debug|Any CPU
		{2CD57F6C-BEDF-4B94-8B31-4C2BA09F3633}.Release|Any CPU.ActiveCfg = Release|Any CPU
		{2CD57F6C-BEDF-4B94-8B31-4C2BA09F3633}.Release|Any CPU.Build.0 = Release|Any CPU
		{2CD57F6C-BEDF-4B94-8B31-4C2BA09F3633}.Release|x64.ActiveCfg = Release|Any CPU
		{2CD57F6C-BEDF-4B94-8B31-4C2BA09F3633}.Release|x64.Build.0 = Release|Any CPU
		{2CD57F6C-BEDF-4B94-8B31-4C2BA09F3633}.Release|x86.ActiveCfg = Release|Any CPU
		{2CD57F6C-BEDF-4B94-8B31-4C2BA09F3633}.Release|x86.Build.0 = Release|Any CPU
		{C57AD01A-2D7F-48F8-8627-5EA9A955E610}.Debug|Any CPU.ActiveCfg = Debug|Any CPU
		{C57AD01A-2D7F-48F8-8627-5EA9A955E610}.Debug|Any CPU.Build.0 = Debug|Any CPU
		{C57AD01A-2D7F-48F8-8627-5EA9A955E610}.Debug|x64.ActiveCfg = Debug|Any CPU
		{C57AD01A-2D7F-48F8-8627-5EA9A955E610}.Debug|x64.Build.0 = Debug|Any CPU
		{C57AD01A-2D7F-48F8-8627-5EA9A955E610}.Debug|x86.ActiveCfg = Debug|Any CPU
		{C57AD01A-2D7F-48F8-8627-5EA9A955E610}.Debug|x86.Build.0 = Debug|Any CPU
		{C57AD01A-2D7F-48F8-8627-5EA9A955E610}.Release|Any CPU.ActiveCfg = Release|Any CPU
		{C57AD01A-2D7F-48F8-8627-5EA9A955E610}.Release|Any CPU.Build.0 = Release|Any CPU
		{C57AD01A-2D7F-48F8-8627-5EA9A955E610}.Release|x64.ActiveCfg = Release|Any CPU
		{C57AD01A-2D7F-48F8-8627-5EA9A955E610}.Release|x64.Build.0 = Release|Any CPU
		{C57AD01A-2D7F-48F8-8627-5EA9A955E610}.Release|x86.ActiveCfg = Release|Any CPU
		{C57AD01A-2D7F-48F8-8627-5EA9A955E610}.Release|x86.Build.0 = Release|Any CPU
		{22ACE433-99D4-4B3C-B112-46103802ECE5}.Debug|Any CPU.ActiveCfg = Debug|Any CPU
		{22ACE433-99D4-4B3C-B112-46103802ECE5}.Debug|Any CPU.Build.0 = Debug|Any CPU
		{22ACE433-99D4-4B3C-B112-46103802ECE5}.Debug|x64.ActiveCfg = Debug|Any CPU
		{22ACE433-99D4-4B3C-B112-46103802ECE5}.Debug|x64.Build.0 = Debug|Any CPU
		{22ACE433-99D4-4B3C-B112-46103802ECE5}.Debug|x86.ActiveCfg = Debug|Any CPU
		{22ACE433-99D4-4B3C-B112-46103802ECE5}.Debug|x86.Build.0 = Debug|Any CPU
		{22ACE433-99D4-4B3C-B112-46103802ECE5}.Release|Any CPU.ActiveCfg = Release|Any CPU
		{22ACE433-99D4-4B3C-B112-46103802ECE5}.Release|Any CPU.Build.0 = Release|Any CPU
		{22ACE433-99D4-4B3C-B112-46103802ECE5}.Release|x64.ActiveCfg = Release|Any CPU
		{22ACE433-99D4-4B3C-B112-46103802ECE5}.Release|x64.Build.0 = Release|Any CPU
		{22ACE433-99D4-4B3C-B112-46103802ECE5}.Release|x86.ActiveCfg = Release|Any CPU
		{22ACE433-99D4-4B3C-B112-46103802ECE5}.Release|x86.Build.0 = Release|Any CPU
		{E8FA44CF-2813-45E7-B7FB-F8CA75D23D74}.Debug|Any CPU.ActiveCfg = Debug|Any CPU
		{E8FA44CF-2813-45E7-B7FB-F8CA75D23D74}.Debug|Any CPU.Build.0 = Debug|Any CPU
		{E8FA44CF-2813-45E7-B7FB-F8CA75D23D74}.Debug|x64.ActiveCfg = Debug|Any CPU
		{E8FA44CF-2813-45E7-B7FB-F8CA75D23D74}.Debug|x64.Build.0 = Debug|Any CPU
		{E8FA44CF-2813-45E7-B7FB-F8CA75D23D74}.Debug|x86.ActiveCfg = Debug|Any CPU
		{E8FA44CF-2813-45E7-B7FB-F8CA75D23D74}.Debug|x86.Build.0 = Debug|Any CPU
		{E8FA44CF-2813-45E7-B7FB-F8CA75D23D74}.Release|Any CPU.ActiveCfg = Release|Any CPU
		{E8FA44CF-2813-45E7-B7FB-F8CA75D23D74}.Release|Any CPU.Build.0 = Release|Any CPU
		{E8FA44CF-2813-45E7-B7FB-F8CA75D23D74}.Release|x64.ActiveCfg = Release|Any CPU
		{E8FA44CF-2813-45E7-B7FB-F8CA75D23D74}.Release|x64.Build.0 = Release|Any CPU
		{E8FA44CF-2813-45E7-B7FB-F8CA75D23D74}.Release|x86.ActiveCfg = Release|Any CPU
		{E8FA44CF-2813-45E7-B7FB-F8CA75D23D74}.Release|x86.Build.0 = Release|Any CPU
		{B0799EA4-8DB3-4645-9DAB-1F5CEB37397F}.Debug|Any CPU.ActiveCfg = Debug|Any CPU
		{B0799EA4-8DB3-4645-9DAB-1F5CEB37397F}.Debug|Any CPU.Build.0 = Debug|Any CPU
		{B0799EA4-8DB3-4645-9DAB-1F5CEB37397F}.Debug|x64.ActiveCfg = Debug|Any CPU
		{B0799EA4-8DB3-4645-9DAB-1F5CEB37397F}.Debug|x64.Build.0 = Debug|Any CPU
		{B0799EA4-8DB3-4645-9DAB-1F5CEB37397F}.Debug|x86.ActiveCfg = Debug|Any CPU
		{B0799EA4-8DB3-4645-9DAB-1F5CEB37397F}.Debug|x86.Build.0 = Debug|Any CPU
		{B0799EA4-8DB3-4645-9DAB-1F5CEB37397F}.Release|Any CPU.ActiveCfg = Release|Any CPU
		{B0799EA4-8DB3-4645-9DAB-1F5CEB37397F}.Release|Any CPU.Build.0 = Release|Any CPU
		{B0799EA4-8DB3-4645-9DAB-1F5CEB37397F}.Release|x64.ActiveCfg = Release|Any CPU
		{B0799EA4-8DB3-4645-9DAB-1F5CEB37397F}.Release|x64.Build.0 = Release|Any CPU
		{B0799EA4-8DB3-4645-9DAB-1F5CEB37397F}.Release|x86.ActiveCfg = Release|Any CPU
		{B0799EA4-8DB3-4645-9DAB-1F5CEB37397F}.Release|x86.Build.0 = Release|Any CPU
		{956BA5C3-E03D-43CB-BB3C-BEC94F8EA5C5}.Debug|Any CPU.ActiveCfg = Debug|Any CPU
		{956BA5C3-E03D-43CB-BB3C-BEC94F8EA5C5}.Debug|Any CPU.Build.0 = Debug|Any CPU
		{956BA5C3-E03D-43CB-BB3C-BEC94F8EA5C5}.Debug|x64.ActiveCfg = Debug|Any CPU
		{956BA5C3-E03D-43CB-BB3C-BEC94F8EA5C5}.Debug|x64.Build.0 = Debug|Any CPU
		{956BA5C3-E03D-43CB-BB3C-BEC94F8EA5C5}.Debug|x86.ActiveCfg = Debug|Any CPU
		{956BA5C3-E03D-43CB-BB3C-BEC94F8EA5C5}.Debug|x86.Build.0 = Debug|Any CPU
		{956BA5C3-E03D-43CB-BB3C-BEC94F8EA5C5}.Release|Any CPU.ActiveCfg = Release|Any CPU
		{956BA5C3-E03D-43CB-BB3C-BEC94F8EA5C5}.Release|Any CPU.Build.0 = Release|Any CPU
		{956BA5C3-E03D-43CB-BB3C-BEC94F8EA5C5}.Release|x64.ActiveCfg = Release|Any CPU
		{956BA5C3-E03D-43CB-BB3C-BEC94F8EA5C5}.Release|x64.Build.0 = Release|Any CPU
		{956BA5C3-E03D-43CB-BB3C-BEC94F8EA5C5}.Release|x86.ActiveCfg = Release|Any CPU
		{956BA5C3-E03D-43CB-BB3C-BEC94F8EA5C5}.Release|x86.Build.0 = Release|Any CPU
	EndGlobalSection
	GlobalSection(SolutionProperties) = preSolution
		HideSolutionNode = FALSE
	EndGlobalSection
	GlobalSection(NestedProjects) = preSolution
		{9E132109-5B7B-4EAE-B7C1-D2D299BC6D7B} = {827E0CD3-B72D-47B6-A68D-7590B98EB39B}
		{03B8EC50-0379-4A35-AE68-15BC78FD2DBC} = {827E0CD3-B72D-47B6-A68D-7590B98EB39B}
		{AA48E2E5-B34D-43F6-9787-47CCEB47C3A8} = {827E0CD3-B72D-47B6-A68D-7590B98EB39B}
		{2CD57F6C-BEDF-4B94-8B31-4C2BA09F3633} = {827E0CD3-B72D-47B6-A68D-7590B98EB39B}
		{C57AD01A-2D7F-48F8-8627-5EA9A955E610} = {0AB3BF05-4346-4AA6-1389-037BE0695223}
		{22ACE433-99D4-4B3C-B112-46103802ECE5} = {0AB3BF05-4346-4AA6-1389-037BE0695223}
		{E8FA44CF-2813-45E7-B7FB-F8CA75D23D74} = {0AB3BF05-4346-4AA6-1389-037BE0695223}
		{B0799EA4-8DB3-4645-9DAB-1F5CEB37397F} = {827E0CD3-B72D-47B6-A68D-7590B98EB39B}
		{956BA5C3-E03D-43CB-BB3C-BEC94F8EA5C5} = {0AB3BF05-4346-4AA6-1389-037BE0695223}
	EndGlobalSection
EndGlobal
